
Microsoft Visual Studio Solution File, Format Version 12.00
# Visual Studio Version 17
VisualStudioVersion = 17.8.34316.72
MinimumVisualStudioVersion = 10.0.40219.1
Project("{8BC9CEB8-8B4A-11D0-8D11-00A0C91BC942}") = "코테", "코테\코테.vcxproj", "{D48436D7-3364-40BA-AB60-0BE8350B8091}"
EndProject
Project("{8BC9CEB8-8B4A-11D0-8D11-00A0C91BC942}") = "별표", "별표\별표.vcxproj", "{6B01126A-A317-4FF0-8356-1A8EF2464A53}"
EndProject
Project("{8BC9CEB8-8B4A-11D0-8D11-00A0C91BC942}") = "숫자 역순", "숫자 역순\숫자 역순.vcxproj", "{F7B94CA4-0AE5-42FF-B1BF-FA69773A2C78}"
EndProject
Project("{8BC9CEB8-8B4A-11D0-8D11-00A0C91BC942}") = "소수", "소수\소수.vcxproj", "{EAD7EA24-B676-4471-B8A8-992BBA020540}"
EndProject
Project("{8BC9CEB8-8B4A-11D0-8D11-00A0C91BC942}") = "분노유발자", "분노유발자\분노유발자.vcxproj", "{B71A0A28-A7D2-4967-95D2-CB374F4A8283}"
EndProject
Project("{8BC9CEB8-8B4A-11D0-8D11-00A0C91BC942}") = "온도의 최댓값(제한시간)", "온도의 최댓값(제한시간)\온도의 최댓값(제한시간).vcxproj", "{346E2659-C6CA-4FA3-9D36-8DEE70E54C7B}"
EndProject
Project("{8BC9CEB8-8B4A-11D0-8D11-00A0C91BC942}") = "증가수열 연속 부분", "증가수열 연속 부분\증가수열 연속 부분.vcxproj", "{192C3C33-3DD7-4A56-BA7C-E21423DB1E84}"
EndProject
Project("{8BC9CEB8-8B4A-11D0-8D11-00A0C91BC942}") = "모두의 약수", "모두의 약수\모두의 약수.vcxproj", "{5A14B69C-EB1D-48E7-84B9-F63B8CA11403}"
EndProject
Project("{8BC9CEB8-8B4A-11D0-8D11-00A0C91BC942}") = "숫자의 총 개수(large)", "숫자의 총 개수(large)\숫자의 총 개수(large).vcxproj", "{E5A350FF-D8E6-4BA0-8537-1E4824207002}"
EndProject
Project("{8BC9CEB8-8B4A-11D0-8D11-00A0C91BC942}") = "날짜 계산기", "날짜 계산기\날짜 계산기.vcxproj", "{B0AC53F4-C803-4DC2-8085-772A52453B55}"
EndProject
Project("{8BC9CEB8-8B4A-11D0-8D11-00A0C91BC942}") = "C++STLGrammarPractice", "C++STLGrammarPractice\C++STLGrammarPractice.vcxproj", "{8DD38B8E-B561-48D4-942E-7A4A0D7CF5F8}"
EndProject
Global
	GlobalSection(SolutionConfigurationPlatforms) = preSolution
		Debug|x64 = Debug|x64
		Debug|x86 = Debug|x86
		Release|x64 = Release|x64
		Release|x86 = Release|x86
	EndGlobalSection
	GlobalSection(ProjectConfigurationPlatforms) = postSolution
		{D48436D7-3364-40BA-AB60-0BE8350B8091}.Debug|x64.ActiveCfg = Debug|x64
		{D48436D7-3364-40BA-AB60-0BE8350B8091}.Debug|x64.Build.0 = Debug|x64
		{D48436D7-3364-40BA-AB60-0BE8350B8091}.Debug|x86.ActiveCfg = Debug|Win32
		{D48436D7-3364-40BA-AB60-0BE8350B8091}.Debug|x86.Build.0 = Debug|Win32
		{D48436D7-3364-40BA-AB60-0BE8350B8091}.Release|x64.ActiveCfg = Release|x64
		{D48436D7-3364-40BA-AB60-0BE8350B8091}.Release|x64.Build.0 = Release|x64
		{D48436D7-3364-40BA-AB60-0BE8350B8091}.Release|x86.ActiveCfg = Release|Win32
		{D48436D7-3364-40BA-AB60-0BE8350B8091}.Release|x86.Build.0 = Release|Win32
		{6B01126A-A317-4FF0-8356-1A8EF2464A53}.Debug|x64.ActiveCfg = Debug|x64
		{6B01126A-A317-4FF0-8356-1A8EF2464A53}.Debug|x64.Build.0 = Debug|x64
		{6B01126A-A317-4FF0-8356-1A8EF2464A53}.Debug|x86.ActiveCfg = Debug|Win32
		{6B01126A-A317-4FF0-8356-1A8EF2464A53}.Debug|x86.Build.0 = Debug|Win32
		{6B01126A-A317-4FF0-8356-1A8EF2464A53}.Release|x64.ActiveCfg = Release|x64
		{6B01126A-A317-4FF0-8356-1A8EF2464A53}.Release|x64.Build.0 = Release|x64
		{6B01126A-A317-4FF0-8356-1A8EF2464A53}.Release|x86.ActiveCfg = Release|Win32
		{6B01126A-A317-4FF0-8356-1A8EF2464A53}.Release|x86.Build.0 = Release|Win32
		{F7B94CA4-0AE5-42FF-B1BF-FA69773A2C78}.Debug|x64.ActiveCfg = Debug|x64
		{F7B94CA4-0AE5-42FF-B1BF-FA69773A2C78}.Debug|x64.Build.0 = Debug|x64
		{F7B94CA4-0AE5-42FF-B1BF-FA69773A2C78}.Debug|x86.ActiveCfg = Debug|Win32
		{F7B94CA4-0AE5-42FF-B1BF-FA69773A2C78}.Debug|x86.Build.0 = Debug|Win32
		{F7B94CA4-0AE5-42FF-B1BF-FA69773A2C78}.Release|x64.ActiveCfg = Release|x64
		{F7B94CA4-0AE5-42FF-B1BF-FA69773A2C78}.Release|x64.Build.0 = Release|x64
		{F7B94CA4-0AE5-42FF-B1BF-FA69773A2C78}.Release|x86.ActiveCfg = Release|Win32
		{F7B94CA4-0AE5-42FF-B1BF-FA69773A2C78}.Release|x86.Build.0 = Release|Win32
		{EAD7EA24-B676-4471-B8A8-992BBA020540}.Debug|x64.ActiveCfg = Debug|x64
		{EAD7EA24-B676-4471-B8A8-992BBA020540}.Debug|x64.Build.0 = Debug|x64
		{EAD7EA24-B676-4471-B8A8-992BBA020540}.Debug|x86.ActiveCfg = Debug|Win32
		{EAD7EA24-B676-4471-B8A8-992BBA020540}.Debug|x86.Build.0 = Debug|Win32
		{EAD7EA24-B676-4471-B8A8-992BBA020540}.Release|x64.ActiveCfg = Release|x64
		{EAD7EA24-B676-4471-B8A8-992BBA020540}.Release|x64.Build.0 = Release|x64
		{EAD7EA24-B676-4471-B8A8-992BBA020540}.Release|x86.ActiveCfg = Release|Win32
		{EAD7EA24-B676-4471-B8A8-992BBA020540}.Release|x86.Build.0 = Release|Win32
		{B71A0A28-A7D2-4967-95D2-CB374F4A8283}.Debug|x64.ActiveCfg = Debug|x64
		{B71A0A28-A7D2-4967-95D2-CB374F4A8283}.Debug|x64.Build.0 = Debug|x64
		{B71A0A28-A7D2-4967-95D2-CB374F4A8283}.Debug|x86.ActiveCfg = Debug|Win32
		{B71A0A28-A7D2-4967-95D2-CB374F4A8283}.Debug|x86.Build.0 = Debug|Win32
		{B71A0A28-A7D2-4967-95D2-CB374F4A8283}.Release|x64.ActiveCfg = Release|x64
		{B71A0A28-A7D2-4967-95D2-CB374F4A8283}.Release|x64.Build.0 = Release|x64
		{B71A0A28-A7D2-4967-95D2-CB374F4A8283}.Release|x86.ActiveCfg = Release|Win32
		{B71A0A28-A7D2-4967-95D2-CB374F4A8283}.Release|x86.Build.0 = Release|Win32
		{346E2659-C6CA-4FA3-9D36-8DEE70E54C7B}.Debug|x64.ActiveCfg = Debug|x64
		{346E2659-C6CA-4FA3-9D36-8DEE70E54C7B}.Debug|x64.Build.0 = Debug|x64
		{346E2659-C6CA-4FA3-9D36-8DEE70E54C7B}.Debug|x86.ActiveCfg = Debug|Win32
		{346E2659-C6CA-4FA3-9D36-8DEE70E54C7B}.Debug|x86.Build.0 = Debug|Win32
		{346E2659-C6CA-4FA3-9D36-8DEE70E54C7B}.Release|x64.ActiveCfg = Release|x64
		{346E2659-C6CA-4FA3-9D36-8DEE70E54C7B}.Release|x64.Build.0 = Release|x64
		{346E2659-C6CA-4FA3-9D36-8DEE70E54C7B}.Release|x86.ActiveCfg = Release|Win32
		{346E2659-C6CA-4FA3-9D36-8DEE70E54C7B}.Release|x86.Build.0 = Release|Win32
		{192C3C33-3DD7-4A56-BA7C-E21423DB1E84}.Debug|x64.ActiveCfg = Debug|x64
		{192C3C33-3DD7-4A56-BA7C-E21423DB1E84}.Debug|x64.Build.0 = Debug|x64
		{192C3C33-3DD7-4A56-BA7C-E21423DB1E84}.Debug|x86.ActiveCfg = Debug|Win32
		{192C3C33-3DD7-4A56-BA7C-E21423DB1E84}.Debug|x86.Build.0 = Debug|Win32
		{192C3C33-3DD7-4A56-BA7C-E21423DB1E84}.Release|x64.ActiveCfg = Release|x64
		{192C3C33-3DD7-4A56-BA7C-E21423DB1E84}.Release|x64.Build.0 = Release|x64
		{192C3C33-3DD7-4A56-BA7C-E21423DB1E84}.Release|x86.ActiveCfg = Release|Win32
		{192C3C33-3DD7-4A56-BA7C-E21423DB1E84}.Release|x86.Build.0 = Release|Win32
		{5A14B69C-EB1D-48E7-84B9-F63B8CA11403}.Debug|x64.ActiveCfg = Debug|x64
		{5A14B69C-EB1D-48E7-84B9-F63B8CA11403}.Debug|x64.Build.0 = Debug|x64
		{5A14B69C-EB1D-48E7-84B9-F63B8CA11403}.Debug|x86.ActiveCfg = Debug|Win32
		{5A14B69C-EB1D-48E7-84B9-F63B8CA11403}.Debug|x86.Build.0 = Debug|Win32
		{5A14B69C-EB1D-48E7-84B9-F63B8CA11403}.Release|x64.ActiveCfg = Release|x64
		{5A14B69C-EB1D-48E7-84B9-F63B8CA11403}.Release|x64.Build.0 = Release|x64
		{5A14B69C-EB1D-48E7-84B9-F63B8CA11403}.Release|x86.ActiveCfg = Release|Win32
		{5A14B69C-EB1D-48E7-84B9-F63B8CA11403}.Release|x86.Build.0 = Release|Win32
		{E5A350FF-D8E6-4BA0-8537-1E4824207002}.Debug|x64.ActiveCfg = Debug|x64
		{E5A350FF-D8E6-4BA0-8537-1E4824207002}.Debug|x64.Build.0 = Debug|x64
		{E5A350FF-D8E6-4BA0-8537-1E4824207002}.Debug|x86.ActiveCfg = Debug|Win32
		{E5A350FF-D8E6-4BA0-8537-1E4824207002}.Debug|x86.Build.0 = Debug|Win32
		{E5A350FF-D8E6-4BA0-8537-1E4824207002}.Release|x64.ActiveCfg = Release|x64
		{E5A350FF-D8E6-4BA0-8537-1E4824207002}.Release|x64.Build.0 = Release|x64
		{E5A350FF-D8E6-4BA0-8537-1E4824207002}.Release|x86.ActiveCfg = Release|Win32
		{E5A350FF-D8E6-4BA0-8537-1E4824207002}.Release|x86.Build.0 = Release|Win32
		{B0AC53F4-C803-4DC2-8085-772A52453B55}.Debug|x64.ActiveCfg = Debug|x64
		{B0AC53F4-C803-4DC2-8085-772A52453B55}.Debug|x64.Build.0 = Debug|x64
		{B0AC53F4-C803-4DC2-8085-772A52453B55}.Debug|x86.ActiveCfg = Debug|Win32
		{B0AC53F4-C803-4DC2-8085-772A52453B55}.Debug|x86.Build.0 = Debug|Win32
		{B0AC53F4-C803-4DC2-8085-772A52453B55}.Release|x64.ActiveCfg = Release|x64
		{B0AC53F4-C803-4DC2-8085-772A52453B55}.Release|x64.Build.0 = Release|x64
		{B0AC53F4-C803-4DC2-8085-772A52453B55}.Release|x86.ActiveCfg = Release|Win32
		{B0AC53F4-C803-4DC2-8085-772A52453B55}.Release|x86.Build.0 = Release|Win32
		{8DD38B8E-B561-48D4-942E-7A4A0D7CF5F8}.Debug|x64.ActiveCfg = Debug|x64
		{8DD38B8E-B561-48D4-942E-7A4A0D7CF5F8}.Debug|x64.Build.0 = Debug|x64
		{8DD38B8E-B561-48D4-942E-7A4A0D7CF5F8}.Debug|x86.ActiveCfg = Debug|Win32
		{8DD38B8E-B561-48D4-942E-7A4A0D7CF5F8}.Debug|x86.Build.0 = Debug|Win32
		{8DD38B8E-B561-48D4-942E-7A4A0D7CF5F8}.Release|x64.ActiveCfg = Release|x64
		{8DD38B8E-B561-48D4-942E-7A4A0D7CF5F8}.Release|x64.Build.0 = Release|x64
		{8DD38B8E-B561-48D4-942E-7A4A0D7CF5F8}.Release|x86.ActiveCfg = Release|Win32
		{8DD38B8E-B561-48D4-942E-7A4A0D7CF5F8}.Release|x86.Build.0 = Release|Win32
	EndGlobalSection
	GlobalSection(SolutionProperties) = preSolution
		HideSolutionNode = FALSE
	EndGlobalSection
	GlobalSection(ExtensibilityGlobals) = postSolution
		SolutionGuid = {FE289739-72E2-4544-8E84-5EDEC01C747B}
	EndGlobalSection
EndGlobal
